
Microsoft Visual Studio Solution File, Format Version 12.00
# Visual Studio Version 16
VisualStudioVersion = 16.0.30320.27
MinimumVisualStudioVersion = 10.0.40219.1
Project("{2150E333-8FDC-42A3-9474-1A3956D46DE8}") = "Microservices", "Microservices", "{5E0F0A85-5B58-48DE-8C64-84FC7DE5CD1E}"
EndProject
Project("{2150E333-8FDC-42A3-9474-1A3956D46DE8}") = "Domain", "Domain", "{DA7CDFE8-C487-4066-B5B4-6CA5B1B22A9E}"
EndProject
Project("{2150E333-8FDC-42A3-9474-1A3956D46DE8}") = "Infra.Bus", "Infra.Bus", "{4F3B409C-476B-47E8-B8E5-F4C737FDC161}"
EndProject
Project("{2150E333-8FDC-42A3-9474-1A3956D46DE8}") = "Infra.IoC", "Infra.IoC", "{C5DFD567-23EA-4485-8EDC-9683BE3703CB}"
EndProject
Project("{2150E333-8FDC-42A3-9474-1A3956D46DE8}") = "Presentation", "Presentation", "{9CBE11A3-29D7-4599-9C6B-45C0C7DF61B7}"
EndProject
Project("{9A19103F-16F7-4668-BE54-9A1E7A4F7556}") = "MicroRabbitMq.Domain.Core", "MicroRabbitMq.Domain.Core\MicroRabbitMq.Domain.Core.csproj", "{41CA52E0-638B-425A-A51A-DDBF8F2E2541}"
EndProject
Project("{9A19103F-16F7-4668-BE54-9A1E7A4F7556}") = "MicroRabbit.Infra.Bus", "MicroRabbit.Infra.Bus\MicroRabbit.Infra.Bus.csproj", "{142B9824-562F-4CE1-8C11-02BD6CF38A12}"
EndProject
Project("{9A19103F-16F7-4668-BE54-9A1E7A4F7556}") = "MicroRabbitMq.Infra.IoC", "MicroRabbitMq.Infra.IoC\MicroRabbitMq.Infra.IoC.csproj", "{8F8A168C-18AB-46E5-B923-2E0DBFD0A0EB}"
EndProject
Project("{2150E333-8FDC-42A3-9474-1A3956D46DE8}") = "Banking", "Banking", "{265F27C9-580E-42BB-852E-82676C390022}"
EndProject
Project("{2150E333-8FDC-42A3-9474-1A3956D46DE8}") = "Api", "Api", "{F09A1CBF-ED33-4FBA-8FD7-37D4D836E00C}"
EndProject
Project("{2150E333-8FDC-42A3-9474-1A3956D46DE8}") = "Application", "Application", "{55451234-4CDB-40B1-9883-DBA5FCE4C456}"
EndProject
Project("{2150E333-8FDC-42A3-9474-1A3956D46DE8}") = "Domain", "Domain", "{E3CB27AC-8304-4617-8686-8EE53CC5EA63}"
EndProject
Project("{2150E333-8FDC-42A3-9474-1A3956D46DE8}") = "Data", "Data", "{8F334D71-AA54-4F86-9200-1CB070902022}"
EndProject
Project("{9A19103F-16F7-4668-BE54-9A1E7A4F7556}") = "MicroRabbitMq.Banking.Api", "MicroRabbitMq.Banking.Api\MicroRabbitMq.Banking.Api.csproj", "{75F2DA3D-F204-47CF-A8F5-C3D8BD09332A}"
EndProject
Project("{9A19103F-16F7-4668-BE54-9A1E7A4F7556}") = "MicroRabbitMq.Banking.Aplication", "MicroRabbitMq.Banking.Aplication\MicroRabbitMq.Banking.Aplication.csproj", "{62EDB851-250E-419F-84FC-F9C1F972D309}"
EndProject
Project("{9A19103F-16F7-4668-BE54-9A1E7A4F7556}") = "MicroRabbitMq.Banking.Data", "MicroRabbitMq.Banking.Data\MicroRabbitMq.Banking.Data.csproj", "{BDE66D76-FC73-4F46-A2E8-1273E47682A2}"
EndProject
Project("{9A19103F-16F7-4668-BE54-9A1E7A4F7556}") = "MicroRabbitMq.Banking.Domain", "MicroRabbitMq.Banking.Domain\MicroRabbitMq.Banking.Domain.csproj", "{9A25F43C-B2EF-4B50-B96F-20AB895B7A86}"
EndProject
Project("{2150E333-8FDC-42A3-9474-1A3956D46DE8}") = "Transfer", "Transfer", "{DC0FB48C-3D0D-4402-BE54-A0C119EFE24F}"
EndProject
Project("{2150E333-8FDC-42A3-9474-1A3956D46DE8}") = "Api", "Api", "{BF79B738-D550-4EA4-8EB2-AE2C4B2D6604}"
EndProject
Project("{2150E333-8FDC-42A3-9474-1A3956D46DE8}") = "Aplication", "Aplication", "{189127B5-95D9-40A9-8CDD-33DCA2DAA8DE}"
EndProject
Project("{2150E333-8FDC-42A3-9474-1A3956D46DE8}") = "Data", "Data", "{303D8B73-3FE9-4314-BDDB-D4DF0C64A77E}"
EndProject
Project("{2150E333-8FDC-42A3-9474-1A3956D46DE8}") = "Domain", "Domain", "{3AE05669-E95C-47A7-B2B4-3DC2EF306713}"
EndProject
Project("{9A19103F-16F7-4668-BE54-9A1E7A4F7556}") = "MicroRabbitMq.Transfer.Api", "MicroRabbitMq.Transfer.Api\MicroRabbitMq.Transfer.Api.csproj", "{97BA6888-6CA3-4F2C-A89F-E0340A5D95DE}"
EndProject
Project("{9A19103F-16F7-4668-BE54-9A1E7A4F7556}") = "MicroRabbitMq.Transfer.Aplication", "MicroRabbitMq.Transfer.Aplication\MicroRabbitMq.Transfer.Aplication.csproj", "{D8894C66-F138-4E28-8C00-F7642829B2BC}"
EndProject
Project("{9A19103F-16F7-4668-BE54-9A1E7A4F7556}") = "MicroRabbitMq.Transfer.Data", "MicroRabbitMq.Transfer.Data\MicroRabbitMq.Transfer.Data.csproj", "{F59EE95B-AEF3-4247-A0BE-890222F40916}"
EndProject
Project("{9A19103F-16F7-4668-BE54-9A1E7A4F7556}") = "MicroRabbitMq.Transfer.Domain", "MicroRabbitMq.Transfer.Domain\MicroRabbitMq.Transfer.Domain.csproj", "{BE7B8FD5-E5A5-40A8-8241-026B6A398A21}"
EndProject
Project("{FAE04EC0-301F-11D3-BF4B-00C04F79EFBC}") = "MicroRabbitMq.Mvc", "MicroRabbitMq.Mvc\MicroRabbitMq.Mvc.csproj", "{3BFD8D1B-B25E-48D5-8B62-32FA83E2CF97}"
EndProject
Global
	GlobalSection(SolutionConfigurationPlatforms) = preSolution
		Debug|Any CPU = Debug|Any CPU
		Release|Any CPU = Release|Any CPU
	EndGlobalSection
	GlobalSection(ProjectConfigurationPlatforms) = postSolution
		{41CA52E0-638B-425A-A51A-DDBF8F2E2541}.Debug|Any CPU.ActiveCfg = Debug|Any CPU
		{41CA52E0-638B-425A-A51A-DDBF8F2E2541}.Debug|Any CPU.Build.0 = Debug|Any CPU
		{41CA52E0-638B-425A-A51A-DDBF8F2E2541}.Release|Any CPU.ActiveCfg = Release|Any CPU
		{41CA52E0-638B-425A-A51A-DDBF8F2E2541}.Release|Any CPU.Build.0 = Release|Any CPU
		{142B9824-562F-4CE1-8C11-02BD6CF38A12}.Debug|Any CPU.ActiveCfg = Debug|Any CPU
		{142B9824-562F-4CE1-8C11-02BD6CF38A12}.Debug|Any CPU.Build.0 = Debug|Any CPU
		{142B9824-562F-4CE1-8C11-02BD6CF38A12}.Release|Any CPU.ActiveCfg = Release|Any CPU
		{142B9824-562F-4CE1-8C11-02BD6CF38A12}.Release|Any CPU.Build.0 = Release|Any CPU
		{8F8A168C-18AB-46E5-B923-2E0DBFD0A0EB}.Debug|Any CPU.ActiveCfg = Debug|Any CPU
		{8F8A168C-18AB-46E5-B923-2E0DBFD0A0EB}.Debug|Any CPU.Build.0 = Debug|Any CPU
		{8F8A168C-18AB-46E5-B923-2E0DBFD0A0EB}.Release|Any CPU.ActiveCfg = Release|Any CPU
		{8F8A168C-18AB-46E5-B923-2E0DBFD0A0EB}.Release|Any CPU.Build.0 = Release|Any CPU
		{75F2DA3D-F204-47CF-A8F5-C3D8BD09332A}.Debug|Any CPU.ActiveCfg = Debug|Any CPU
		{75F2DA3D-F204-47CF-A8F5-C3D8BD09332A}.Debug|Any CPU.Build.0 = Debug|Any CPU
		{75F2DA3D-F204-47CF-A8F5-C3D8BD09332A}.Release|Any CPU.ActiveCfg = Release|Any CPU
		{75F2DA3D-F204-47CF-A8F5-C3D8BD09332A}.Release|Any CPU.Build.0 = Release|Any CPU
		{62EDB851-250E-419F-84FC-F9C1F972D309}.Debug|Any CPU.ActiveCfg = Debug|Any CPU
		{62EDB851-250E-419F-84FC-F9C1F972D309}.Debug|Any CPU.Build.0 = Debug|Any CPU
		{62EDB851-250E-419F-84FC-F9C1F972D309}.Release|Any CPU.ActiveCfg = Release|Any CPU
		{62EDB851-250E-419F-84FC-F9C1F972D309}.Release|Any CPU.Build.0 = Release|Any CPU
		{BDE66D76-FC73-4F46-A2E8-1273E47682A2}.Debug|Any CPU.ActiveCfg = Debug|Any CPU
		{BDE66D76-FC73-4F46-A2E8-1273E47682A2}.Debug|Any CPU.Build.0 = Debug|Any CPU
		{BDE66D76-FC73-4F46-A2E8-1273E47682A2}.Release|Any CPU.ActiveCfg = Release|Any CPU
		{BDE66D76-FC73-4F46-A2E8-1273E47682A2}.Release|Any CPU.Build.0 = Release|Any CPU
		{9A25F43C-B2EF-4B50-B96F-20AB895B7A86}.Debug|Any CPU.ActiveCfg = Debug|Any CPU
		{9A25F43C-B2EF-4B50-B96F-20AB895B7A86}.Debug|Any CPU.Build.0 = Debug|Any CPU
		{9A25F43C-B2EF-4B50-B96F-20AB895B7A86}.Release|Any CPU.ActiveCfg = Release|Any CPU
		{9A25F43C-B2EF-4B50-B96F-20AB895B7A86}.Release|Any CPU.Build.0 = Release|Any CPU
		{97BA6888-6CA3-4F2C-A89F-E0340A5D95DE}.Debug|Any CPU.ActiveCfg = Debug|Any CPU
		{97BA6888-6CA3-4F2C-A89F-E0340A5D95DE}.Debug|Any CPU.Build.0 = Debug|Any CPU
		{97BA6888-6CA3-4F2C-A89F-E0340A5D95DE}.Release|Any CPU.ActiveCfg = Release|Any CPU
		{97BA6888-6CA3-4F2C-A89F-E0340A5D95DE}.Release|Any CPU.Build.0 = Release|Any CPU
		{D8894C66-F138-4E28-8C00-F7642829B2BC}.Debug|Any CPU.ActiveCfg = Debug|Any CPU
		{D8894C66-F138-4E28-8C00-F7642829B2BC}.Debug|Any CPU.Build.0 = Debug|Any CPU
		{D8894C66-F138-4E28-8C00-F7642829B2BC}.Release|Any CPU.ActiveCfg = Release|Any CPU
		{D8894C66-F138-4E28-8C00-F7642829B2BC}.Release|Any CPU.Build.0 = Release|Any CPU
		{F59EE95B-AEF3-4247-A0BE-890222F40916}.Debug|Any CPU.ActiveCfg = Debug|Any CPU
		{F59EE95B-AEF3-4247-A0BE-890222F40916}.Debug|Any CPU.Build.0 = Debug|Any CPU
		{F59EE95B-AEF3-4247-A0BE-890222F40916}.Release|Any CPU.ActiveCfg = Release|Any CPU
		{F59EE95B-AEF3-4247-A0BE-890222F40916}.Release|Any CPU.Build.0 = Release|Any CPU
		{BE7B8FD5-E5A5-40A8-8241-026B6A398A21}.Debug|Any CPU.ActiveCfg = Debug|Any CPU
		{BE7B8FD5-E5A5-40A8-8241-026B6A398A21}.Debug|Any CPU.Build.0 = Debug|Any CPU
		{BE7B8FD5-E5A5-40A8-8241-026B6A398A21}.Release|Any CPU.ActiveCfg = Release|Any CPU
		{BE7B8FD5-E5A5-40A8-8241-026B6A398A21}.Release|Any CPU.Build.0 = Release|Any CPU
		{3BFD8D1B-B25E-48D5-8B62-32FA83E2CF97}.Debug|Any CPU.ActiveCfg = Debug|Any CPU
		{3BFD8D1B-B25E-48D5-8B62-32FA83E2CF97}.Debug|Any CPU.Build.0 = Debug|Any CPU
		{3BFD8D1B-B25E-48D5-8B62-32FA83E2CF97}.Release|Any CPU.ActiveCfg = Release|Any CPU
		{3BFD8D1B-B25E-48D5-8B62-32FA83E2CF97}.Release|Any CPU.Build.0 = Release|Any CPU
	EndGlobalSection
	GlobalSection(SolutionProperties) = preSolution
		HideSolutionNode = FALSE
	EndGlobalSection
	GlobalSection(NestedProjects) = preSolution
		{41CA52E0-638B-425A-A51A-DDBF8F2E2541} = {DA7CDFE8-C487-4066-B5B4-6CA5B1B22A9E}
		{142B9824-562F-4CE1-8C11-02BD6CF38A12} = {4F3B409C-476B-47E8-B8E5-F4C737FDC161}
		{8F8A168C-18AB-46E5-B923-2E0DBFD0A0EB} = {C5DFD567-23EA-4485-8EDC-9683BE3703CB}
		{265F27C9-580E-42BB-852E-82676C390022} = {5E0F0A85-5B58-48DE-8C64-84FC7DE5CD1E}
		{F09A1CBF-ED33-4FBA-8FD7-37D4D836E00C} = {265F27C9-580E-42BB-852E-82676C390022}
		{55451234-4CDB-40B1-9883-DBA5FCE4C456} = {265F27C9-580E-42BB-852E-82676C390022}
		{E3CB27AC-8304-4617-8686-8EE53CC5EA63} = {265F27C9-580E-42BB-852E-82676C390022}
		{8F334D71-AA54-4F86-9200-1CB070902022} = {265F27C9-580E-42BB-852E-82676C390022}
		{75F2DA3D-F204-47CF-A8F5-C3D8BD09332A} = {F09A1CBF-ED33-4FBA-8FD7-37D4D836E00C}
		{62EDB851-250E-419F-84FC-F9C1F972D309} = {55451234-4CDB-40B1-9883-DBA5FCE4C456}
		{BDE66D76-FC73-4F46-A2E8-1273E47682A2} = {8F334D71-AA54-4F86-9200-1CB070902022}
		{9A25F43C-B2EF-4B50-B96F-20AB895B7A86} = {E3CB27AC-8304-4617-8686-8EE53CC5EA63}
		{DC0FB48C-3D0D-4402-BE54-A0C119EFE24F} = {5E0F0A85-5B58-48DE-8C64-84FC7DE5CD1E}
		{BF79B738-D550-4EA4-8EB2-AE2C4B2D6604} = {DC0FB48C-3D0D-4402-BE54-A0C119EFE24F}
		{189127B5-95D9-40A9-8CDD-33DCA2DAA8DE} = {DC0FB48C-3D0D-4402-BE54-A0C119EFE24F}
		{303D8B73-3FE9-4314-BDDB-D4DF0C64A77E} = {DC0FB48C-3D0D-4402-BE54-A0C119EFE24F}
		{3AE05669-E95C-47A7-B2B4-3DC2EF306713} = {DC0FB48C-3D0D-4402-BE54-A0C119EFE24F}
		{97BA6888-6CA3-4F2C-A89F-E0340A5D95DE} = {BF79B738-D550-4EA4-8EB2-AE2C4B2D6604}
		{D8894C66-F138-4E28-8C00-F7642829B2BC} = {189127B5-95D9-40A9-8CDD-33DCA2DAA8DE}
		{F59EE95B-AEF3-4247-A0BE-890222F40916} = {303D8B73-3FE9-4314-BDDB-D4DF0C64A77E}
		{BE7B8FD5-E5A5-40A8-8241-026B6A398A21} = {3AE05669-E95C-47A7-B2B4-3DC2EF306713}
		{3BFD8D1B-B25E-48D5-8B62-32FA83E2CF97} = {9CBE11A3-29D7-4599-9C6B-45C0C7DF61B7}
	EndGlobalSection
	GlobalSection(ExtensibilityGlobals) = postSolution
		SolutionGuid = {CE8792D0-CEA0-419B-BDCF-D154EA883DE1}
	EndGlobalSection
EndGlobal
